
Microsoft Visual Studio Solution File, Format Version 12.00
# Visual Studio Version 17
VisualStudioVersion = 17.4.33205.214
MinimumVisualStudioVersion = 10.0.40219.1
Project("{2150E333-8FDC-42A3-9474-1A3956D46DE8}") = "WebApp", "WebApp", "{24298FB4-26DD-4D6A-91C3-DC1CCE2CB021}"
EndProject
Project("{FAE04EC0-301F-11D3-BF4B-00C04F79EFBC}") = "PetStore.WebAdmin", "PetStore.WebAdmin\PetStore.WebAdmin.csproj", "{99C12A45-9617-4881-BD7C-F0647380E22D}"
EndProject
Global
	GlobalSection(SolutionConfigurationPlatforms) = preSolution
		Debug|Any CPU = Debug|Any CPU
		Release|Any CPU = Release|Any CPU
	EndGlobalSection
	GlobalSection(ProjectConfigurationPlatforms) = postSolution
		{99C12A45-9617-4881-BD7C-F0647380E22D}.Debug|Any CPU.ActiveCfg = Debug|Any CPU
		{99C12A45-9617-4881-BD7C-F0647380E22D}.Debug|Any CPU.Build.0 = Debug|Any CPU
		{99C12A45-9617-4881-BD7C-F0647380E22D}.Release|Any CPU.ActiveCfg = Release|Any CPU
		{99C12A45-9617-4881-BD7C-F0647380E22D}.Release|Any CPU.Build.0 = Release|Any CPU
	EndGlobalSection
	GlobalSection(SolutionProperties) = preSolution
		HideSolutionNode = FALSE
	EndGlobalSection
	GlobalSection(NestedProjects) = preSolution
		{99C12A45-9617-4881-BD7C-F0647380E22D} = {24298FB4-26DD-4D6A-91C3-DC1CCE2CB021}
	EndGlobalSection
	GlobalSection(ExtensibilityGlobals) = postSolution
		SolutionGuid = {DA11979A-01EE-4EDC-9C09-B60213E7736E}
	EndGlobalSection
EndGlobal
